{
  "version": 1,
  "session_id": "20260818-gap2-x-review-r6",
  "expected_roster": [
    "codex",
    "composer",
    "grok"
  ],
  "sources": [
    {
      "realpath": "/Users/louis/Desktop/quantitative_trading_system/handoffs/reconcile/20260818-gap2-x-review-r6/sources/20260818-gap2-specadv-r6-codex.md",
      "sha256": "c4d59669860154d06050a18816a91e59b0542d626912344769a38e22e9148046",
      "family": "codex"
    },
    {
      "realpath": "/Users/louis/Desktop/quantitative_trading_system/handoffs/reconcile/20260818-gap2-x-review-r6/sources/20260818-gap2-specadv-r6-composer.md",
      "sha256": "52ffb3c48e0900db4a6eff78da965b84972736e33a62be1fb9cbafc7a665b16f",
      "family": "composer"
    },
    {
      "realpath": "/Users/louis/Desktop/quantitative_trading_system/handoffs/reconcile/20260818-gap2-x-review-r6/sources/20260818-gap2-specadv-r6-grok.md",
      "sha256": "3bc75a59efc68929b196ee795268d5607f87770023e8a9974ce84661112788bd",
      "family": "grok"
    }
  ],
  "freeze_ts": "2026-08-18T09:25:28Z",
  "closure_state": "FROZEN",
  "mode": "review",
  "round_id": "fa43dbdf-447e-48c1-80cf-a9eb899bc017"
}
